
Microsoft Visual Studio Solution File, Format Version 12.00
# Visual Studio Version 16
VisualStudioVersion = 16.0.29709.97
MinimumVisualStudioVersion = 10.0.40219.1
Project("{FAE04EC0-301F-11D3-BF4B-00C04F79EFBC}") = "6prak", "6prak\6prak.csproj", "{901F3905-A4D4-40BB-BB07-FE6E3EA0DB9B}"
EndProject
Global
	GlobalSection(SolutionConfigurationPlatforms) = preSolution
		Debug|Any CPU = Debug|Any CPU
		Release|Any CPU = Release|Any CPU
	EndGlobalSection
	GlobalSection(ProjectConfigurationPlatforms) = postSolution
		{901F3905-A4D4-40BB-BB07-FE6E3EA0DB9B}.Debug|Any CPU.ActiveCfg = Debug|Any CPU
		{901F3905-A4D4-40BB-BB07-FE6E3EA0DB9B}.Debug|Any CPU.Build.0 = Debug|Any CPU
		{901F3905-A4D4-40BB-BB07-FE6E3EA0DB9B}.Release|Any CPU.ActiveCfg = Release|Any CPU
		{901F3905-A4D4-40BB-BB07-FE6E3EA0DB9B}.Release|Any CPU.Build.0 = Release|Any CPU
	EndGlobalSection
	GlobalSection(SolutionProperties) = preSolution
		HideSolutionNode = FALSE
	EndGlobalSection
	GlobalSection(ExtensibilityGlobals) = postSolution
		SolutionGuid = {D020839C-905C-4534-A828-3D0EF431EC18}
	EndGlobalSection
EndGlobal
